
Microsoft Visual Studio Solution File, Format Version 12.00
# Visual Studio Version 16
VisualStudioVersion = 16.0.29519.181
MinimumVisualStudioVersion = 10.0.40219.1
Project("{9A19103F-16F7-4668-BE54-9A1E7A4F7556}") = "StudentskiServis.WebAPI", "StudentskiServis.WebAPI\StudentskiServis.WebAPI.csproj", "{086399FD-B24B-4AC9-8439-BAB7E46238BA}"
EndProject
Project("{9A19103F-16F7-4668-BE54-9A1E7A4F7556}") = "StudentskiServis.Models", "StudentskiServis.Models\StudentskiServis.Models.csproj", "{F3641433-E28C-4383-AC5B-9C35BD220612}"
EndProject
Project("{2150E333-8FDC-42A3-9474-1A3956D46DE8}") = "UI", "UI", "{BBA097B2-0F3D-4CF1-820C-0551DD56C945}"
EndProject
Project("{FAE04EC0-301F-11D3-BF4B-00C04F79EFBC}") = "StudentskiServis.WinUI", "StudentskiServis.WinUI\StudentskiServis.WinUI.csproj", "{6F1FA049-4C8B-45AF-942C-8C5C9C443424}"
EndProject
Project("{2150E333-8FDC-42A3-9474-1A3956D46DE8}") = "StudentskiServis.Mobile", "StudentskiServis.Mobile", "{DF456184-DCEA-4103-97C2-89A59938EAA6}"
EndProject
Project("{FAE04EC0-301F-11D3-BF4B-00C04F79EFBC}") = "StudentskiServis.MobileApp.UWP", "StudentskiServis.MobileApp\StudentskiServis.MobileApp.UWP\StudentskiServis.MobileApp.UWP.csproj", "{1E2CF2B5-AF1F-4118-9DBC-8F97665C5C48}"
EndProject
Project("{FAE04EC0-301F-11D3-BF4B-00C04F79EFBC}") = "StudentskiServis.MobileApp.Android", "StudentskiServis.MobileApp\StudentskiServis.MobileApp.Android\StudentskiServis.MobileApp.Android.csproj", "{C6BABC55-2F47-4075-995B-BD783D1D5A35}"
EndProject
Project("{FAE04EC0-301F-11D3-BF4B-00C04F79EFBC}") = "StudentskiServis.MobileApp.iOS", "StudentskiServis.MobileApp\StudentskiServis.MobileApp.iOS\StudentskiServis.MobileApp.iOS.csproj", "{53D20435-8DA3-4227-BD99-CA3EFC56EF2F}"
EndProject
Project("{9A19103F-16F7-4668-BE54-9A1E7A4F7556}") = "StudentskiServis.MobileApp", "StudentskiServis.MobileApp\StudentskiServis.MobileApp\StudentskiServis.MobileApp.csproj", "{B3FD241E-0933-44BE-B654-D8B06C573452}"
EndProject
Global
	GlobalSection(SolutionConfigurationPlatforms) = preSolution
		Debug|Any CPU = Debug|Any CPU
		Debug|ARM = Debug|ARM
		Debug|iPhone = Debug|iPhone
		Debug|iPhoneSimulator = Debug|iPhoneSimulator
		Debug|x64 = Debug|x64
		Debug|x86 = Debug|x86
		Release|Any CPU = Release|Any CPU
		Release|ARM = Release|ARM
		Release|iPhone = Release|iPhone
		Release|iPhoneSimulator = Release|iPhoneSimulator
		Release|x64 = Release|x64
		Release|x86 = Release|x86
	EndGlobalSection
	GlobalSection(ProjectConfigurationPlatforms) = postSolution
		{086399FD-B24B-4AC9-8439-BAB7E46238BA}.Debug|Any CPU.ActiveCfg = Debug|Any CPU
		{086399FD-B24B-4AC9-8439-BAB7E46238BA}.Debug|Any CPU.Build.0 = Debug|Any CPU
		{086399FD-B24B-4AC9-8439-BAB7E46238BA}.Debug|ARM.ActiveCfg = Debug|Any CPU
		{086399FD-B24B-4AC9-8439-BAB7E46238BA}.Debug|ARM.Build.0 = Debug|Any CPU
		{086399FD-B24B-4AC9-8439-BAB7E46238BA}.Debug|iPhone.ActiveCfg = Debug|Any CPU
		{086399FD-B24B-4AC9-8439-BAB7E46238BA}.Debug|iPhone.Build.0 = Debug|Any CPU
		{086399FD-B24B-4AC9-8439-BAB7E46238BA}.Debug|iPhoneSimulator.ActiveCfg = Debug|Any CPU
		{086399FD-B24B-4AC9-8439-BAB7E46238BA}.Debug|iPhoneSimulator.Build.0 = Debug|Any CPU
		{086399FD-B24B-4AC9-8439-BAB7E46238BA}.Debug|x64.ActiveCfg = Debug|Any CPU
		{086399FD-B24B-4AC9-8439-BAB7E46238BA}.Debug|x64.Build.0 = Debug|Any CPU
		{086399FD-B24B-4AC9-8439-BAB7E46238BA}.Debug|x86.ActiveCfg = Debug|Any CPU
		{086399FD-B24B-4AC9-8439-BAB7E46238BA}.Debug|x86.Build.0 = Debug|Any CPU
		{086399FD-B24B-4AC9-8439-BAB7E46238BA}.Release|Any CPU.ActiveCfg = Release|Any CPU
		{086399FD-B24B-4AC9-8439-BAB7E46238BA}.Release|Any CPU.Build.0 = Release|Any CPU
		{086399FD-B24B-4AC9-8439-BAB7E46238BA}.Release|ARM.ActiveCfg = Release|Any CPU
		{086399FD-B24B-4AC9-8439-BAB7E46238BA}.Release|ARM.Build.0 = Release|Any CPU
		{086399FD-B24B-4AC9-8439-BAB7E46238BA}.Release|iPhone.ActiveCfg = Release|Any CPU
		{086399FD-B24B-4AC9-8439-BAB7E46238BA}.Release|iPhone.Build.0 = Release|Any CPU
		{086399FD-B24B-4AC9-8439-BAB7E46238BA}.Release|iPhoneSimulator.ActiveCfg = Release|Any CPU
		{086399FD-B24B-4AC9-8439-BAB7E46238BA}.Release|iPhoneSimulator.Build.0 = Release|Any CPU
		{086399FD-B24B-4AC9-8439-BAB7E46238BA}.Release|x64.ActiveCfg = Release|Any CPU
		{086399FD-B24B-4AC9-8439-BAB7E46238BA}.Release|x64.Build.0 = Release|Any CPU
		{086399FD-B24B-4AC9-8439-BAB7E46238BA}.Release|x86.ActiveCfg = Release|Any CPU
		{086399FD-B24B-4AC9-8439-BAB7E46238BA}.Release|x86.Build.0 = Release|Any CPU
		{F3641433-E28C-4383-AC5B-9C35BD220612}.Debug|Any CPU.ActiveCfg = Debug|Any CPU
		{F3641433-E28C-4383-AC5B-9C35BD220612}.Debug|Any CPU.Build.0 = Debug|Any CPU
		{F3641433-E28C-4383-AC5B-9C35BD220612}.Debug|ARM.ActiveCfg = Debug|Any CPU
		{F3641433-E28C-4383-AC5B-9C35BD220612}.Debug|ARM.Build.0 = Debug|Any CPU
		{F3641433-E28C-4383-AC5B-9C35BD220612}.Debug|iPhone.ActiveCfg = Debug|Any CPU
		{F3641433-E28C-4383-AC5B-9C35BD220612}.Debug|iPhone.Build.0 = Debug|Any CPU
		{F3641433-E28C-4383-AC5B-9C35BD220612}.Debug|iPhoneSimulator.ActiveCfg = Debug|Any CPU
		{F3641433-E28C-4383-AC5B-9C35BD220612}.Debug|iPhoneSimulator.Build.0 = Debug|Any CPU
		{F3641433-E28C-4383-AC5B-9C35BD220612}.Debug|x64.ActiveCfg = Debug|Any CPU
		{F3641433-E28C-4383-AC5B-9C35BD220612}.Debug|x64.Build.0 = Debug|Any CPU
		{F3641433-E28C-4383-AC5B-9C35BD220612}.Debug|x86.ActiveCfg = Debug|Any CPU
		{F3641433-E28C-4383-AC5B-9C35BD220612}.Debug|x86.Build.0 = Debug|Any CPU
		{F3641433-E28C-4383-AC5B-9C35BD220612}.Release|Any CPU.ActiveCfg = Release|Any CPU
		{F3641433-E28C-4383-AC5B-9C35BD220612}.Release|Any CPU.Build.0 = Release|Any CPU
		{F3641433-E28C-4383-AC5B-9C35BD220612}.Release|ARM.ActiveCfg = Release|Any CPU
		{F3641433-E28C-4383-AC5B-9C35BD220612}.Release|ARM.Build.0 = Release|Any CPU
		{F3641433-E28C-4383-AC5B-9C35BD220612}.Release|iPhone.ActiveCfg = Release|Any CPU
		{F3641433-E28C-4383-AC5B-9C35BD220612}.Release|iPhone.Build.0 = Release|Any CPU
		{F3641433-E28C-4383-AC5B-9C35BD220612}.Release|iPhoneSimulator.ActiveCfg = Release|Any CPU
		{F3641433-E28C-4383-AC5B-9C35BD220612}.Release|iPhoneSimulator.Build.0 = Release|Any CPU
		{F3641433-E28C-4383-AC5B-9C35BD220612}.Release|x64.ActiveCfg = Release|Any CPU
		{F3641433-E28C-4383-AC5B-9C35BD220612}.Release|x64.Build.0 = Release|Any CPU
		{F3641433-E28C-4383-AC5B-9C35BD220612}.Release|x86.ActiveCfg = Release|Any CPU
		{F3641433-E28C-4383-AC5B-9C35BD220612}.Release|x86.Build.0 = Release|Any CPU
		{6F1FA049-4C8B-45AF-942C-8C5C9C443424}.Debug|Any CPU.ActiveCfg = Debug|Any CPU
		{6F1FA049-4C8B-45AF-942C-8C5C9C443424}.Debug|Any CPU.Build.0 = Debug|Any CPU
		{6F1FA049-4C8B-45AF-942C-8C5C9C443424}.Debug|ARM.ActiveCfg = Debug|Any CPU
		{6F1FA049-4C8B-45AF-942C-8C5C9C443424}.Debug|ARM.Build.0 = Debug|Any CPU
		{6F1FA049-4C8B-45AF-942C-8C5C9C443424}.Debug|iPhone.ActiveCfg = Debug|Any CPU
		{6F1FA049-4C8B-45AF-942C-8C5C9C443424}.Debug|iPhone.Build.0 = Debug|Any CPU
		{6F1FA049-4C8B-45AF-942C-8C5C9C443424}.Debug|iPhoneSimulator.ActiveCfg = Debug|Any CPU
		{6F1FA049-4C8B-45AF-942C-8C5C9C443424}.Debug|iPhoneSimulator.Build.0 = Debug|Any CPU
		{6F1FA049-4C8B-45AF-942C-8C5C9C443424}.Debug|x64.ActiveCfg = Debug|Any CPU
		{6F1FA049-4C8B-45AF-942C-8C5C9C443424}.Debug|x64.Build.0 = Debug|Any CPU
		{6F1FA049-4C8B-45AF-942C-8C5C9C443424}.Debug|x86.ActiveCfg = Debug|Any CPU
		{6F1FA049-4C8B-45AF-942C-8C5C9C443424}.Debug|x86.Build.0 = Debug|Any CPU
		{6F1FA049-4C8B-45AF-942C-8C5C9C443424}.Release|Any CPU.ActiveCfg = Release|Any CPU
		{6F1FA049-4C8B-45AF-942C-8C5C9C443424}.Release|Any CPU.Build.0 = Release|Any CPU
		{6F1FA049-4C8B-45AF-942C-8C5C9C443424}.Release|ARM.ActiveCfg = Release|Any CPU
		{6F1FA049-4C8B-45AF-942C-8C5C9C443424}.Release|ARM.Build.0 = Release|Any CPU
		{6F1FA049-4C8B-45AF-942C-8C5C9C443424}.Release|iPhone.ActiveCfg = Release|Any CPU
		{6F1FA049-4C8B-45AF-942C-8C5C9C443424}.Release|iPhone.Build.0 = Release|Any CPU
		{6F1FA049-4C8B-45AF-942C-8C5C9C443424}.Release|iPhoneSimulator.ActiveCfg = Release|Any CPU
		{6F1FA049-4C8B-45AF-942C-8C5C9C443424}.Release|iPhoneSimulator.Build.0 = Release|Any CPU
		{6F1FA049-4C8B-45AF-942C-8C5C9C443424}.Release|x64.ActiveCfg = Release|Any CPU
		{6F1FA049-4C8B-45AF-942C-8C5C9C443424}.Release|x64.Build.0 = Release|Any CPU
		{6F1FA049-4C8B-45AF-942C-8C5C9C443424}.Release|x86.ActiveCfg = Release|Any CPU
		{6F1FA049-4C8B-45AF-942C-8C5C9C443424}.Release|x86.Build.0 = Release|Any CPU
		{1E2CF2B5-AF1F-4118-9DBC-8F97665C5C48}.Debug|Any CPU.ActiveCfg = Debug|x86
		{1E2CF2B5-AF1F-4118-9DBC-8F97665C5C48}.Debug|ARM.ActiveCfg = Debug|ARM
		{1E2CF2B5-AF1F-4118-9DBC-8F97665C5C48}.Debug|ARM.Build.0 = Debug|ARM
		{1E2CF2B5-AF1F-4118-9DBC-8F97665C5C48}.Debug|ARM.Deploy.0 = Debug|ARM
		{1E2CF2B5-AF1F-4118-9DBC-8F97665C5C48}.Debug|iPhone.ActiveCfg = Debug|x86
		{1E2CF2B5-AF1F-4118-9DBC-8F97665C5C48}.Debug|iPhoneSimulator.ActiveCfg = Debug|x86
		{1E2CF2B5-AF1F-4118-9DBC-8F97665C5C48}.Debug|x64.ActiveCfg = Debug|x64
		{1E2CF2B5-AF1F-4118-9DBC-8F97665C5C48}.Debug|x64.Build.0 = Debug|x64
		{1E2CF2B5-AF1F-4118-9DBC-8F97665C5C48}.Debug|x64.Deploy.0 = Debug|x64
		{1E2CF2B5-AF1F-4118-9DBC-8F97665C5C48}.Debug|x86.ActiveCfg = Debug|x86
		{1E2CF2B5-AF1F-4118-9DBC-8F97665C5C48}.Debug|x86.Build.0 = Debug|x86
		{1E2CF2B5-AF1F-4118-9DBC-8F97665C5C48}.Debug|x86.Deploy.0 = Debug|x86
		{1E2CF2B5-AF1F-4118-9DBC-8F97665C5C48}.Release|Any CPU.ActiveCfg = Release|x86
		{1E2CF2B5-AF1F-4118-9DBC-8F97665C5C48}.Release|ARM.ActiveCfg = Release|ARM
		{1E2CF2B5-AF1F-4118-9DBC-8F97665C5C48}.Release|ARM.Build.0 = Release|ARM
		{1E2CF2B5-AF1F-4118-9DBC-8F97665C5C48}.Release|ARM.Deploy.0 = Release|ARM
		{1E2CF2B5-AF1F-4118-9DBC-8F97665C5C48}.Release|iPhone.ActiveCfg = Release|x86
		{1E2CF2B5-AF1F-4118-9DBC-8F97665C5C48}.Release|iPhoneSimulator.ActiveCfg = Release|x86
		{1E2CF2B5-AF1F-4118-9DBC-8F97665C5C48}.Release|x64.ActiveCfg = Release|x64
		{1E2CF2B5-AF1F-4118-9DBC-8F97665C5C48}.Release|x64.Build.0 = Release|x64
		{1E2CF2B5-AF1F-4118-9DBC-8F97665C5C48}.Release|x64.Deploy.0 = Release|x64
		{1E2CF2B5-AF1F-4118-9DBC-8F97665C5C48}.Release|x86.ActiveCfg = Release|x86
		{1E2CF2B5-AF1F-4118-9DBC-8F97665C5C48}.Release|x86.Build.0 = Release|x86
		{1E2CF2B5-AF1F-4118-9DBC-8F97665C5C48}.Release|x86.Deploy.0 = Release|x86
		{C6BABC55-2F47-4075-995B-BD783D1D5A35}.Debug|Any CPU.ActiveCfg = Debug|Any CPU
		{C6BABC55-2F47-4075-995B-BD783D1D5A35}.Debug|Any CPU.Build.0 = Debug|Any CPU
		{C6BABC55-2F47-4075-995B-BD783D1D5A35}.Debug|Any CPU.Deploy.0 = Debug|Any CPU
		{C6BABC55-2F47-4075-995B-BD783D1D5A35}.Debug|ARM.ActiveCfg = Debug|Any CPU
		{C6BABC55-2F47-4075-995B-BD783D1D5A35}.Debug|ARM.Build.0 = Debug|Any CPU
		{C6BABC55-2F47-4075-995B-BD783D1D5A35}.Debug|ARM.Deploy.0 = Debug|Any CPU
		{C6BABC55-2F47-4075-995B-BD783D1D5A35}.Debug|iPhone.ActiveCfg = Debug|Any CPU
		{C6BABC55-2F47-4075-995B-BD783D1D5A35}.Debug|iPhone.Build.0 = Debug|Any CPU
		{C6BABC55-2F47-4075-995B-BD783D1D5A35}.Debug|iPhone.Deploy.0 = Debug|Any CPU
		{C6BABC55-2F47-4075-995B-BD783D1D5A35}.Debug|iPhoneSimulator.ActiveCfg = Debug|Any CPU
		{C6BABC55-2F47-4075-995B-BD783D1D5A35}.Debug|iPhoneSimulator.Build.0 = Debug|Any CPU
		{C6BABC55-2F47-4075-995B-BD783D1D5A35}.Debug|iPhoneSimulator.Deploy.0 = Debug|Any CPU
		{C6BABC55-2F47-4075-995B-BD783D1D5A35}.Debug|x64.ActiveCfg = Debug|Any CPU
		{C6BABC55-2F47-4075-995B-BD783D1D5A35}.Debug|x64.Build.0 = Debug|Any CPU
		{C6BABC55-2F47-4075-995B-BD783D1D5A35}.Debug|x64.Deploy.0 = Debug|Any CPU
		{C6BABC55-2F47-4075-995B-BD783D1D5A35}.Debug|x86.ActiveCfg = Debug|Any CPU
		{C6BABC55-2F47-4075-995B-BD783D1D5A35}.Debug|x86.Build.0 = Debug|Any CPU
		{C6BABC55-2F47-4075-995B-BD783D1D5A35}.Debug|x86.Deploy.0 = Debug|Any CPU
		{C6BABC55-2F47-4075-995B-BD783D1D5A35}.Release|Any CPU.ActiveCfg = Release|Any CPU
		{C6BABC55-2F47-4075-995B-BD783D1D5A35}.Release|Any CPU.Build.0 = Release|Any CPU
		{C6BABC55-2F47-4075-995B-BD783D1D5A35}.Release|Any CPU.Deploy.0 = Release|Any CPU
		{C6BABC55-2F47-4075-995B-BD783D1D5A35}.Release|ARM.ActiveCfg = Release|Any CPU
		{C6BABC55-2F47-4075-995B-BD783D1D5A35}.Release|ARM.Build.0 = Release|Any CPU
		{C6BABC55-2F47-4075-995B-BD783D1D5A35}.Release|ARM.Deploy.0 = Release|Any CPU
		{C6BABC55-2F47-4075-995B-BD783D1D5A35}.Release|iPhone.ActiveCfg = Release|Any CPU
		{C6BABC55-2F47-4075-995B-BD783D1D5A35}.Release|iPhone.Build.0 = Release|Any CPU
		{C6BABC55-2F47-4075-995B-BD783D1D5A35}.Release|iPhone.Deploy.0 = Release|Any CPU
		{C6BABC55-2F47-4075-995B-BD783D1D5A35}.Release|iPhoneSimulator.ActiveCfg = Release|Any CPU
		{C6BABC55-2F47-4075-995B-BD783D1D5A35}.Release|iPhoneSimulator.Build.0 = Release|Any CPU
		{C6BABC55-2F47-4075-995B-BD783D1D5A35}.Release|iPhoneSimulator.Deploy.0 = Release|Any CPU
		{C6BABC55-2F47-4075-995B-BD783D1D5A35}.Release|x64.ActiveCfg = Release|Any CPU
		{C6BABC55-2F47-4075-995B-BD783D1D5A35}.Release|x64.Build.0 = Release|Any CPU
		{C6BABC55-2F47-4075-995B-BD783D1D5A35}.Release|x64.Deploy.0 = Release|Any CPU
		{C6BABC55-2F47-4075-995B-BD783D1D5A35}.Release|x86.ActiveCfg = Release|Any CPU
		{C6BABC55-2F47-4075-995B-BD783D1D5A35}.Release|x86.Build.0 = Release|Any CPU
		{C6BABC55-2F47-4075-995B-BD783D1D5A35}.Release|x86.Deploy.0 = Release|Any CPU
		{53D20435-8DA3-4227-BD99-CA3EFC56EF2F}.Debug|Any CPU.ActiveCfg = Debug|iPhone
		{53D20435-8DA3-4227-BD99-CA3EFC56EF2F}.Debug|ARM.ActiveCfg = Debug|iPhone
		{53D20435-8DA3-4227-BD99-CA3EFC56EF2F}.Debug|iPhone.ActiveCfg = Debug|iPhone
		{53D20435-8DA3-4227-BD99-CA3EFC56EF2F}.Debug|iPhone.Build.0 = Debug|iPhone
		{53D20435-8DA3-4227-BD99-CA3EFC56EF2F}.Debug|iPhoneSimulator.ActiveCfg = Debug|iPhoneSimulator
		{53D20435-8DA3-4227-BD99-CA3EFC56EF2F}.Debug|iPhoneSimulator.Build.0 = Debug|iPhoneSimulator
		{53D20435-8DA3-4227-BD99-CA3EFC56EF2F}.Debug|x64.ActiveCfg = Debug|iPhone
		{53D20435-8DA3-4227-BD99-CA3EFC56EF2F}.Debug|x86.ActiveCfg = Debug|iPhone
		{53D20435-8DA3-4227-BD99-CA3EFC56EF2F}.Release|Any CPU.ActiveCfg = Release|iPhone
		{53D20435-8DA3-4227-BD99-CA3EFC56EF2F}.Release|ARM.ActiveCfg = Release|iPhone
		{53D20435-8DA3-4227-BD99-CA3EFC56EF2F}.Release|iPhone.ActiveCfg = Release|iPhone
		{53D20435-8DA3-4227-BD99-CA3EFC56EF2F}.Release|iPhone.Build.0 = Release|iPhone
		{53D20435-8DA3-4227-BD99-CA3EFC56EF2F}.Release|iPhoneSimulator.ActiveCfg = Release|iPhoneSimulator
		{53D20435-8DA3-4227-BD99-CA3EFC56EF2F}.Release|iPhoneSimulator.Build.0 = Release|iPhoneSimulator
		{53D20435-8DA3-4227-BD99-CA3EFC56EF2F}.Release|x64.ActiveCfg = Release|iPhone
		{53D20435-8DA3-4227-BD99-CA3EFC56EF2F}.Release|x86.ActiveCfg = Release|iPhone
		{B3FD241E-0933-44BE-B654-D8B06C573452}.Debug|Any CPU.ActiveCfg = Debug|Any CPU
		{B3FD241E-0933-44BE-B654-D8B06C573452}.Debug|Any CPU.Build.0 = Debug|Any CPU
		{B3FD241E-0933-44BE-B654-D8B06C573452}.Debug|ARM.ActiveCfg = Debug|Any CPU
		{B3FD241E-0933-44BE-B654-D8B06C573452}.Debug|ARM.Build.0 = Debug|Any CPU
		{B3FD241E-0933-44BE-B654-D8B06C573452}.Debug|iPhone.ActiveCfg = Debug|Any CPU
		{B3FD241E-0933-44BE-B654-D8B06C573452}.Debug|iPhone.Build.0 = Debug|Any CPU
		{B3FD241E-0933-44BE-B654-D8B06C573452}.Debug|iPhoneSimulator.ActiveCfg = Debug|Any CPU
		{B3FD241E-0933-44BE-B654-D8B06C573452}.Debug|iPhoneSimulator.Build.0 = Debug|Any CPU
		{B3FD241E-0933-44BE-B654-D8B06C573452}.Debug|x64.ActiveCfg = Debug|Any CPU
		{B3FD241E-0933-44BE-B654-D8B06C573452}.Debug|x64.Build.0 = Debug|Any CPU
		{B3FD241E-0933-44BE-B654-D8B06C573452}.Debug|x86.ActiveCfg = Debug|Any CPU
		{B3FD241E-0933-44BE-B654-D8B06C573452}.Debug|x86.Build.0 = Debug|Any CPU
		{B3FD241E-0933-44BE-B654-D8B06C573452}.Release|Any CPU.ActiveCfg = Release|Any CPU
		{B3FD241E-0933-44BE-B654-D8B06C573452}.Release|Any CPU.Build.0 = Release|Any CPU
		{B3FD241E-0933-44BE-B654-D8B06C573452}.Release|ARM.ActiveCfg = Release|Any CPU
		{B3FD241E-0933-44BE-B654-D8B06C573452}.Release|ARM.Build.0 = Release|Any CPU
		{B3FD241E-0933-44BE-B654-D8B06C573452}.Release|iPhone.ActiveCfg = Release|Any CPU
		{B3FD241E-0933-44BE-B654-D8B06C573452}.Release|iPhone.Build.0 = Release|Any CPU
		{B3FD241E-0933-44BE-B654-D8B06C573452}.Release|iPhoneSimulator.ActiveCfg = Release|Any CPU
		{B3FD241E-0933-44BE-B654-D8B06C573452}.Release|iPhoneSimulator.Build.0 = Release|Any CPU
		{B3FD241E-0933-44BE-B654-D8B06C573452}.Release|x64.ActiveCfg = Release|Any CPU
		{B3FD241E-0933-44BE-B654-D8B06C573452}.Release|x64.Build.0 = Release|Any CPU
		{B3FD241E-0933-44BE-B654-D8B06C573452}.Release|x86.ActiveCfg = Release|Any CPU
		{B3FD241E-0933-44BE-B654-D8B06C573452}.Release|x86.Build.0 = Release|Any CPU
	EndGlobalSection
	GlobalSection(SolutionProperties) = preSolution
		HideSolutionNode = FALSE
	EndGlobalSection
	GlobalSection(NestedProjects) = preSolution
		{6F1FA049-4C8B-45AF-942C-8C5C9C443424} = {BBA097B2-0F3D-4CF1-820C-0551DD56C945}
		{1E2CF2B5-AF1F-4118-9DBC-8F97665C5C48} = {DF456184-DCEA-4103-97C2-89A59938EAA6}
		{C6BABC55-2F47-4075-995B-BD783D1D5A35} = {DF456184-DCEA-4103-97C2-89A59938EAA6}
		{53D20435-8DA3-4227-BD99-CA3EFC56EF2F} = {DF456184-DCEA-4103-97C2-89A59938EAA6}
		{B3FD241E-0933-44BE-B654-D8B06C573452} = {DF456184-DCEA-4103-97C2-89A59938EAA6}
	EndGlobalSection
	GlobalSection(ExtensibilityGlobals) = postSolution
		SolutionGuid = {E379E45A-5206-41CA-BDB8-BEB85F8C179A}
	EndGlobalSection
EndGlobal
